github.com/timtadh/data-structures v0.6.1 h1:76eDpwngj2rEi9r/qvdH6YL7wMXGsoFFzhEylo/IacA=
github.com/timtadh/data-structures v0.6.1/go.mod h1:uYUnI1cQi/5yMCc7s23I+x8Mn8BCMf4WgK+7/4QSEk4=
github.com/timtadh/getopt v1.0.0 h1:FrZd8h2izZAjmivemGkCIOKcdIoIhQLVjpsa0/ZvLik=
github.com/timtadh/getopt v1.0.0/go.mod h1:L3EL6YN2G0eIAhYBo9b7SB9d/kEQmdnwthIlMJfj210=
