# This file is autogenerated, do not edit; changes may be undone by the next 'dep ensure'.


[[projects]]
  name = "github.com/timtadh/data-structures"
  packages = ["test"]
  revision = "cd917ad609bdb63c00235a988ef8031d64d8c9b4"
  version = "v0.5.0"

[[projects]]
  name = "github.com/timtadh/getopt"
  packages = ["."]
  revision = "29f1208d827b977f2e4060ca9923032b34094187"
  version = "v1.0.0"

[solve-meta]
  analyzer-name = "dep"
  analyzer-version = 1
  inputs-digest = "8e5c274f7b56b732e67a203a93398442c07de118e4fea75860e8d2675f598eba"
  solver-name = "gps-cdcl"
  solver-version = 1
