# This file is autogenerated, do not edit; changes may be undone by the next 'dep ensure'.


[[projects]]
  name = "github.com/timtadh/data-structures"
  packages = ["errors","hashtable","linked","list","set","test","tree","tree/avl","types"]
  revision = "d69ddac42beae463c5770d2b2b8a4b75acbe556a"
  version = "v0.5.1"

[[projects]]
  name = "github.com/timtadh/getopt"
  packages = ["."]
  revision = "29f1208d827b977f2e4060ca9923032b34094187"
  version = "v1.0.0"

[solve-meta]
  analyzer-name = "dep"
  analyzer-version = 1
  inputs-digest = "76a5bb0972381f426ed22402dabe6dbe98f28e4722ff3894d7e23ace61bdc0e2"
  solver-name = "gps-cdcl"
  solver-version = 1
