# This file is autogenerated, do not edit; changes may be undone by the next 'dep ensure'.


[[projects]]
  name = "github.com/timtadh/data-structures"
  packages = ["test"]
  revision = "cd917ad609bdb63c00235a988ef8031d64d8c9b4"
  version = "v0.5.0"

[[projects]]
  name = "github.com/timtadh/getopt"
  packages = ["."]
  revision = "29f1208d827b977f2e4060ca9923032b34094187"
  version = "v1.0.0"

[solve-meta]
  analyzer-name = "dep"
  analyzer-version = 1
  inputs-digest = "3cfaba470b57fbf90d69fcecbe68cfa131a70b27c45f2431bdcea8e3f44f50e0"
  solver-name = "gps-cdcl"
  solver-version = 1
